Microsoft Visual Studio Solution File, Format Version 12.00
# Visual Studio Version 18
VisualStudioVersion = 18.4.11626.88
MinimumVisualStudioVersion = 10.0.40219.1
Project("{8BC9CEB8-8B4A-11D0-8D11-00A0C91BC942}") = "EQScreenOverlay", "EQScreenOverlay\EQScreenOverlay.vcxproj", "{329E226F-8703-4337-85FA-B827DB7BA580}"
	ProjectSection(ProjectDependencies) = postProject
		{0BBE3901-467F-41E7-A827-24BADC419518} = {0BBE3901-467F-41E7-A827-24BADC419518}
	EndProjectSection
EndProject
Project("{8BC9CEB8-8B4A-11D0-8D11-00A0C91BC942}") = "MinHookLib", "MinHookLib\MinHookLib.vcxproj", "{0BBE3901-467F-41E7-A827-24BADC419518}"
EndProject
Project("{FAE04EC0-301F-11D3-BF4B-00C04F79EFBC}") = "EQBoxTool", "EQBoxTool\EQBoxTool.csproj", "{FA81563B-11EB-46AA-85A5-7F64795AFEE9}"
	ProjectSection(ProjectDependencies) = postProject
		{329E226F-8703-4337-85FA-B827DB7BA580} = {329E226F-8703-4337-85FA-B827DB7BA580}
	EndProjectSection
EndProject
Project("{8BC9CEB8-8B4A-11D0-8D11-00A0C91BC942}") = "EncryptionHelpers", "EncryptionHelpers\EncryptionHelpers.vcxproj", "{0CB97DAA-805E-4143-804F-AD1F01BDF253}"
EndProject
Global
	GlobalSection(SolutionConfigurationPlatforms) = preSolution
		Debug|Any CPU = Debug|Any CPU
		Debug|x64 = Debug|x64
		Debug|x86 = Debug|x86
		Release|Any CPU = Release|Any CPU
		Release|x64 = Release|x64
		Release|x86 = Release|x86
	EndGlobalSection
	GlobalSection(ProjectConfigurationPlatforms) = postSolution
		{329E226F-8703-4337-85FA-B827DB7BA580}.Debug|Any CPU.ActiveCfg = Debug|x64
		{329E226F-8703-4337-85FA-B827DB7BA580}.Debug|Any CPU.Build.0 = Debug|x64
		{329E226F-8703-4337-85FA-B827DB7BA580}.Debug|x64.ActiveCfg = Debug|x64
		{329E226F-8703-4337-85FA-B827DB7BA580}.Debug|x64.Build.0 = Debug|x64
		{329E226F-8703-4337-85FA-B827DB7BA580}.Debug|x86.ActiveCfg = Debug|Win32
		{329E226F-8703-4337-85FA-B827DB7BA580}.Debug|x86.Build.0 = Debug|Win32
		{329E226F-8703-4337-85FA-B827DB7BA580}.Release|Any CPU.ActiveCfg = Release|x64
		{329E226F-8703-4337-85FA-B827DB7BA580}.Release|Any CPU.Build.0 = Release|x64
		{329E226F-8703-4337-85FA-B827DB7BA580}.Release|x64.ActiveCfg = Release|x64
		{329E226F-8703-4337-85FA-B827DB7BA580}.Release|x64.Build.0 = Release|x64
		{329E226F-8703-4337-85FA-B827DB7BA580}.Release|x86.ActiveCfg = Release|Win32
		{329E226F-8703-4337-85FA-B827DB7BA580}.Release|x86.Build.0 = Release|Win32
		{0BBE3901-467F-41E7-A827-24BADC419518}.Debug|Any CPU.ActiveCfg = Debug|x64
		{0BBE3901-467F-41E7-A827-24BADC419518}.Debug|Any CPU.Build.0 = Debug|x64
		{0BBE3901-467F-41E7-A827-24BADC419518}.Debug|x64.ActiveCfg = Debug|x64
		{0BBE3901-467F-41E7-A827-24BADC419518}.Debug|x64.Build.0 = Debug|x64
		{0BBE3901-467F-41E7-A827-24BADC419518}.Debug|x86.ActiveCfg = Debug|Win32
		{0BBE3901-467F-41E7-A827-24BADC419518}.Debug|x86.Build.0 = Debug|Win32
		{0BBE3901-467F-41E7-A827-24BADC419518}.Release|Any CPU.ActiveCfg = Release|x64
		{0BBE3901-467F-41E7-A827-24BADC419518}.Release|Any CPU.Build.0 = Release|x64
		{0BBE3901-467F-41E7-A827-24BADC419518}.Release|x64.ActiveCfg = Release|x64
		{0BBE3901-467F-41E7-A827-24BADC419518}.Release|x64.Build.0 = Release|x64
		{0BBE3901-467F-41E7-A827-24BADC419518}.Release|x86.ActiveCfg = Release|Win32
		{0BBE3901-467F-41E7-A827-24BADC419518}.Release|x86.Build.0 = Release|Win32
		{FA81563B-11EB-46AA-85A5-7F64795AFEE9}.Debug|Any CPU.ActiveCfg = Debug|Any CPU
		{FA81563B-11EB-46AA-85A5-7F64795AFEE9}.Debug|Any CPU.Build.0 = Debug|Any CPU
		{FA81563B-11EB-46AA-85A5-7F64795AFEE9}.Debug|x64.ActiveCfg = Debug|Any CPU
		{FA81563B-11EB-46AA-85A5-7F64795AFEE9}.Debug|x64.Build.0 = Debug|Any CPU
		{FA81563B-11EB-46AA-85A5-7F64795AFEE9}.Debug|x86.ActiveCfg = Debug|Any CPU
		{FA81563B-11EB-46AA-85A5-7F64795AFEE9}.Debug|x86.Build.0 = Debug|Any CPU
		{FA81563B-11EB-46AA-85A5-7F64795AFEE9}.Release|Any CPU.ActiveCfg = Release|Any CPU
		{FA81563B-11EB-46AA-85A5-7F64795AFEE9}.Release|Any CPU.Build.0 = Release|Any CPU
		{FA81563B-11EB-46AA-85A5-7F64795AFEE9}.Release|x64.ActiveCfg = Release|Any CPU
		{FA81563B-11EB-46AA-85A5-7F64795AFEE9}.Release|x64.Build.0 = Release|Any CPU
		{FA81563B-11EB-46AA-85A5-7F64795AFEE9}.Release|x86.ActiveCfg = Release|Any CPU
		{FA81563B-11EB-46AA-85A5-7F64795AFEE9}.Release|x86.Build.0 = Release|Any CPU
		{0CB97DAA-805E-4143-804F-AD1F01BDF253}.Debug|Any CPU.ActiveCfg = Debug|x64
		{0CB97DAA-805E-4143-804F-AD1F01BDF253}.Debug|Any CPU.Build.0 = Debug|x64
		{0CB97DAA-805E-4143-804F-AD1F01BDF253}.Debug|x64.ActiveCfg = Debug|x64
		{0CB97DAA-805E-4143-804F-AD1F01BDF253}.Debug|x64.Build.0 = Debug|x64
		{0CB97DAA-805E-4143-804F-AD1F01BDF253}.Debug|x86.ActiveCfg = Debug|Win32
		{0CB97DAA-805E-4143-804F-AD1F01BDF253}.Debug|x86.Build.0 = Debug|Win32
		{0CB97DAA-805E-4143-804F-AD1F01BDF253}.Release|Any CPU.ActiveCfg = Release|x64
		{0CB97DAA-805E-4143-804F-AD1F01BDF253}.Release|Any CPU.Build.0 = Release|x64
		{0CB97DAA-805E-4143-804F-AD1F01BDF253}.Release|x64.ActiveCfg = Release|x64
		{0CB97DAA-805E-4143-804F-AD1F01BDF253}.Release|x64.Build.0 = Release|x64
		{0CB97DAA-805E-4143-804F-AD1F01BDF253}.Release|x86.ActiveCfg = Release|Win32
		{0CB97DAA-805E-4143-804F-AD1F01BDF253}.Release|x86.Build.0 = Release|Win32
	EndGlobalSection
	GlobalSection(SolutionProperties) = preSolution
		HideSolutionNode = FALSE
	EndGlobalSection
	GlobalSection(ExtensibilityGlobals) = postSolution
		SolutionGuid = {8109A1A1-B1D2-49AD-B23B-BF0CCFCE3DC5}
	EndGlobalSection
EndGlobal
